// !$*UTF8*$!
{
	archiveVersion = 1;
	classes = {
	};
	objectVersion = 46;
	objects = {

/* Begin PBXBuildFile section */
		CE4734A719CB9EB700A32888 /* AppDelegate.swift in Sources */ = {isa = PBXBuildFile; fileRef = CE4734A619CB9EB700A32888 /* AppDelegate.swift */; };
		CE4734A919CB9EB700A32888 /* ViewController.swift in Sources */ = {isa = PBXBuildFile; fileRef = CE4734A819CB9EB700A32888 /* ViewController.swift */; };
		CE4734AC19CB9EB700A32888 /* Main.storyboard in Resources */ = {isa = PBXBuildFile; fileRef = CE4734AA19CB9EB700A32888 /* Main.storyboard */; };
		CE4734AE19CB9EB700A32888 /* Images.xcassets in Resources */ = {isa = PBXBuildFile; fileRef = CE4734AD19CB9EB700A32888 /* Images.xcassets */; };
		CE4734B119CB9EB700A32888 /* LaunchScreen.xib in Resources */ = {isa = PBXBuildFile; fileRef = CE4734AF19CB9EB700A32888 /* LaunchScreen.xib */; };
		CE4734BD19CB9EB700A32888 /* PostcardTests.swift in Sources */ = {isa = PBXBuildFile; fileRef = CE4734BC19CB9EB700A32888 /* PostcardTests.swift */; };
		CE4734C719CBA86900A32888 /* Emily & Sean's Wedding-64.jpg in Resources */ = {isa = PBXBuildFile; fileRef = CE4734C619CBA86900A32888 /* Emily & Sean's Wedding-64.jpg */; };
		CE4734C919CBACC000A32888 /* Emily & Sean's Wedding-73.jpg in Resources */ = {isa = PBXBuildFile; fileRef = CE4734C819CBACC000A32888 /* Emily & Sean's Wedding-73.jpg */; };
/* End PBXBuildFile section */

/* Begin PBXContainerItemProxy section */
		CE4734B719CB9EB700A32888 /* PBXContainerItemProxy */ = {
			isa = PBXContainerItemProxy;
			containerPortal = CE47349919CB9EB600A32888 /* Project object */;
			proxyType = 1;
			remoteGlobalIDString = CE4734A019CB9EB600A32888;
			remoteInfo = Postcard;
		};
/* End PBXContainerItemProxy section */

/* Begin PBXFileReference section */
		CE4734A119CB9EB700A32888 /* Postcard.app */ = {isa = PBXFileReference; explicitFileType = wrapper.application; includeInIndex = 0; path = Postcard.app; sourceTree = BUILT_PRODUCTS_DIR; };
		CE4734A519CB9EB700A32888 /* Info.plist */ = {isa = PBXFileReference; lastKnownFileType = text.plist.xml; path = Info.plist; sourceTree = "<group>"; };
		CE4734A619CB9EB700A32888 /* AppDelegate.swift */ = {isa = PBXFileReference; lastKnownFileType = sourcecode.swift; path = AppDelegate.swift; sourceTree = "<group>"; };
		CE4734A819CB9EB700A32888 /* ViewController.swift */ = {isa = PBXFileReference; lastKnownFileType = sourcecode.swift; path = ViewController.swift; sourceTree = "<group>"; };
		CE4734AB19CB9EB700A32888 /* Base */ = {isa = PBXFileReference; lastKnownFileType = file.storyboard; name = Base; path = Base.lproj/Main.storyboard; sourceTree = "<group>"; };
		CE4734AD19CB9EB700A32888 /* Images.xcassets */ = {isa = PBXFileReference; lastKnownFileType = folder.assetcatalog; path = Images.xcassets; sourceTree = "<group>"; };
		CE4734B019CB9EB700A32888 /* Base */ = {isa = PBXFileReference; lastKnownFileType = file.xib; name = Base; path = Base.lproj/LaunchScreen.xib; sourceTree = "<group>"; };
		CE4734B619CB9EB700A32888 /* PostcardTests.xctest */ = {isa = PBXFileReference; explicitFileType = wrapper.cfbundle; includeInIndex = 0; path = PostcardTests.xctest; sourceTree = BUILT_PRODUCTS_DIR; };
		CE4734BB19CB9EB700A32888 /* Info.plist */ = {isa = PBXFileReference; lastKnownFileType = text.plist.xml; path = Info.plist; sourceTree = "<group>"; };
		CE4734BC19CB9EB700A32888 /* PostcardTests.swift */ = {isa = PBXFileReference; lastKnownFileType = sourcecode.swift; path = PostcardTests.swift; sourceTree = "<group>"; };
		CE4734C619CBA86900A32888 /* Emily & Sean's Wedding-64.jpg */ = {isa = PBXFileReference; lastKnownFileType = image.jpeg; path = "Emily & Sean's Wedding-64.jpg"; sourceTree = "<group>"; };
		CE4734C819CBACC000A32888 /* Emily & Sean's Wedding-73.jpg */ = {isa = PBXFileReference; lastKnownFileType = image.jpeg; path = "Emily & Sean's Wedding-73.jpg"; sourceTree = "<group>"; };
/* End PBXFileReference section */

/* Begin PBXFrameworksBuildPhase section */
		CE47349E19CB9EB600A32888 /* Frameworks */ = {
			isa = PBXFrameworksBuildPhase;
			buildActionMask = 2147483647;
			files = (
			);
			runOnlyForDeploymentPostprocessing = 0;
		};
		CE4734B319CB9EB700A32888 /* Frameworks */ = {
			isa = PBXFrameworksBuildPhase;
			buildActionMask = 2147483647;
			files = (
			);
			runOnlyForDeploymentPostprocessing = 0;
		};
/* End PBXFrameworksBuildPhase section */

/* Begin PBXGroup section */
		CE47349819CB9EB600A32888 = {
			isa = PBXGroup;
			children = (
				CE4734A319CB9EB700A32888 /* Postcard */,
				CE4734B919CB9EB700A32888 /* PostcardTests */,
				CE4734A219CB9EB700A32888 /* Products */,
			);
			sourceTree = "<group>";
		};
		CE4734A219CB9EB700A32888 /* Products */ = {
			isa = PBXGroup;
			children = (
				CE4734A119CB9EB700A32888 /* Postcard.app */,
				CE4734B619CB9EB700A32888 /* PostcardTests.xctest */,
			);
			name = Products;
			sourceTree = "<group>";
		};
		CE4734A319CB9EB700A32888 /* Postcard */ = {
			isa = PBXGroup;
			children = (
				CE4734A619CB9EB700A32888 /* AppDelegate.swift */,
				CE4734A819CB9EB700A32888 /* ViewController.swift */,
				CE4734AA19CB9EB700A32888 /* Main.storyboard */,
				CE4734AD19CB9EB700A32888 /* Images.xcassets */,
				CE4734AF19CB9EB700A32888 /* LaunchScreen.xib */,
				CE4734A419CB9EB700A32888 /* Supporting Files */,
			);
			path = Postcard;
			sourceTree = "<group>";
		};
		CE4734A419CB9EB700A32888 /* Supporting Files */ = {
			isa = PBXGroup;
			children = (
				CE4734C819CBACC000A32888 /* Emily & Sean's Wedding-73.jpg */,
				CE4734C619CBA86900A32888 /* Emily & Sean's Wedding-64.jpg */,
				CE4734A519CB9EB700A32888 /* Info.plist */,
			);
			name = "Supporting Files";
			sourceTree = "<group>";
		};
		CE4734B919CB9EB700A32888 /* PostcardTests */ = {
			isa = PBXGroup;
			children = (
				CE4734BC19CB9EB700A32888 /* PostcardTests.swift */,
				CE4734BA19CB9EB700A32888 /* Supporting Files */,
			);
			path = PostcardTests;
			sourceTree = "<group>";
		};
		CE4734BA19CB9EB700A32888 /* Supporting Files */ = {
			isa = PBXGroup;
			children = (
				CE4734BB19CB9EB700A32888 /* Info.plist */,
			);
			name = "Supporting Files";
			sourceTree = "<group>";
		};
/* End PBXGroup section */

/* Begin PBXNativeTarget section */
		CE4734A019CB9EB600A32888 /* Postcard */ = {
			isa = PBXNativeTarget;
			buildConfigurationList = CE4734C019CB9EB700A32888 /* Build configuration list for PBXNativeTarget "Postcard" */;
			buildPhases = (
				CE47349D19CB9EB600A32888 /* Sources */,
				CE47349E19CB9EB600A32888 /* Frameworks */,
				CE47349F19CB9EB600A32888 /* Resources */,
			);
			buildRules = (
			);
			dependencies = (
			);
			name = Postcard;
			productName = Postcard;
			productReference = CE4734A119CB9EB700A32888 /* Postcard.app */;
			productType = "com.apple.product-type.application";
		};
		CE4734B519CB9EB700A32888 /* PostcardTests */ = {
			isa = PBXNativeTarget;
			buildConfigurationList = CE4734C319CB9EB700A32888 /* Build configuration list for PBXNativeTarget "PostcardTests" */;
			buildPhases = (
				CE4734B219CB9EB700A32888 /* Sources */,
				CE4734B319CB9EB700A32888 /* Frameworks */,
				CE4734B419CB9EB700A32888 /* Resources */,
			);
			buildRules = (
			);
			dependencies = (
				CE4734B819CB9EB700A32888 /* PBXTargetDependency */,
			);
			name = PostcardTests;
			productName = PostcardTests;
			productReference = CE4734B619CB9EB700A32888 /* PostcardTests.xctest */;
			productType = "com.apple.product-type.bundle.unit-test";
		};
/* End PBXNativeTarget section */

/* Begin PBXProject section */
		CE47349919CB9EB600A32888 /* Project object */ = {
			isa = PBXProject;
			attributes = {
				LastUpgradeCheck = 0600;
				ORGANIZATIONNAME = PWW;
				TargetAttributes = {
					CE4734A019CB9EB600A32888 = {
						CreatedOnToolsVersion = 6.0.1;
					};
					CE4734B519CB9EB700A32888 = {
						CreatedOnToolsVersion = 6.0.1;
						TestTargetID = CE4734A019CB9EB600A32888;
					};
				};
			};
			buildConfigurationList = CE47349C19CB9EB600A32888 /* Build configuration list for PBXProject "Postcard" */;
			compatibilityVersion = "Xcode 3.2";
			developmentRegion = English;
			hasScannedForEncodings = 0;
			knownRegions = (
				en,
				Base,
			);
			mainGroup = CE47349819CB9EB600A32888;
			productRefGroup = CE4734A219CB9EB700A32888 /* Products */;
			projectDirPath = "";
			projectRoot = "";
			targets = (
				CE4734A019CB9EB600A32888 /* Postcard */,
				CE4734B519CB9EB700A32888 /* PostcardTests */,
			);
		};
/* End PBXProject section */

/* Begin PBXResourcesBuildPhase section */
		CE47349F19CB9EB600A32888 /* Resources */ = {
			isa = PBXResourcesBuildPhase;
			buildActionMask = 2147483647;
			files = (
				CE4734C719CBA86900A32888 /* Emily & Sean's Wedding-64.jpg in Resources */,
				CE4734AC19CB9EB700A32888 /* Main.storyboard in Resources */,
				CE4734B119CB9EB700A32888 /* LaunchScreen.xib in Resources */,
				CE4734C919CBACC000A32888 /* Emily & Sean's Wedding-73.jpg in Resources */,
				CE4734AE19CB9EB700A32888 /* Images.xcassets in Resources */,
			);
			runOnlyForDeploymentPostprocessing = 0;
		};
		CE4734B419CB9EB700A32888 /* Resources */ = {
			isa = PBXResourcesBuildPhase;
			buildActionMask = 2147483647;
			files = (
			);
			runOnlyForDeploymentPostprocessing = 0;
		};
/* End PBXResourcesBuildPhase section */

/* Begin PBXSourcesBuildPhase section */
		CE47349D19CB9EB600A32888 /* Sources */ = {
			isa = PBXSourcesBuildPhase;
			buildActionMask = 2147483647;
			files = (
				CE4734A919CB9EB700A32888 /* ViewController.swift in Sources */,
				CE4734A719CB9EB700A32888 /* AppDelegate.swift in Sources */,
			);
			runOnlyForDeploymentPostprocessing = 0;
		};
		CE4734B219CB9EB700A32888 /* Sources */ = {
			isa = PBXSourcesBuildPhase;
			buildActionMask = 2147483647;
			files = (
				CE4734BD19CB9EB700A32888 /* PostcardTests.swift in Sources */,
			);
			runOnlyForDeploymentPostprocessing = 0;
		};
/* End PBXSourcesBuildPhase section */

/* Begin PBXTargetDependency section */
		CE4734B819CB9EB700A32888 /* PBXTargetDependency */ = {
			isa = PBXTargetDependency;
			target = CE4734A019CB9EB600A32888 /* Postcard */;
			targetProxy = CE4734B719CB9EB700A32888 /* PBXContainerItemProxy */;
		};
/* End PBXTargetDependency section */

/* Begin PBXVariantGroup section */
		CE4734AA19CB9EB700A32888 /* Main.storyboard */ = {
			isa = PBXVariantGroup;
			children = (
				CE4734AB19CB9EB700A32888 /* Base */,
			);
			name = Main.storyboard;
			sourceTree = "<group>";
		};
		CE4734AF19CB9EB700A32888 /* LaunchScreen.xib */ = {
			isa = PBXVariantGroup;
			children = (
				CE4734B019CB9EB700A32888 /* Base */,
			);
			name = LaunchScreen.xib;
			sourceTree = "<group>";
		};
/* End PBXVariantGroup section */

/* Begin XCBuildConfiguration section */
		CE4734BE19CB9EB700A32888 /* Debug */ = {
			isa = XCBuildConfiguration;
			buildSettings = {
				ALWAYS_SEARCH_USER_PATHS = NO;
				CLANG_CXX_LANGUAGE_STANDARD = "gnu++0x";
				CLANG_CXX_LIBRARY = "libc++";
				CLANG_ENABLE_MODULES = YES;
				CLANG_ENABLE_OBJC_ARC = YES;
				CLANG_WARN_BOOL_CONVERSION = YES;
				CLANG_WARN_CONSTANT_CONVERSION = YES;
				CLANG_WARN_DIRECT_OBJC_ISA_USAGE = YES_ERROR;
				CLANG_WARN_EMPTY_BODY = YES;
				CLANG_WARN_ENUM_CONVERSION = YES;
				CLANG_WARN_INT_CONVERSION = YES;
				CLANG_WARN_OBJC_ROOT_CLASS = YES_ERROR;
				CLANG_WARN_UNREACHABLE_CODE = YES;
				CLANG_WARN__DUPLICATE_METHOD_MATCH = YES;
				"CODE_SIGN_IDENTITY[sdk=iphoneos*]" = "iPhone Developer";
				COPY_PHASE_STRIP = NO;
				ENABLE_STRICT_OBJC_MSGSEND = YES;
				GCC_C_LANGUAGE_STANDARD = gnu99;
				GCC_DYNAMIC_NO_PIC = NO;
				GCC_OPTIMIZATION_LEVEL = 0;
				GCC_PREPROCESSOR_DEFINITIONS = (
					"DEBUG=1",
					"$(inherited)",
				);
				GCC_SYMBOLS_PRIVATE_EXTERN = NO;
				GCC_WARN_64_TO_32_BIT_CONVERSION = YES;
				GCC_WARN_ABOUT_RETURN_TYPE = YES_ERROR;
				GCC_WARN_UNDECLARED_SELECTOR = YES;
				GCC_WARN_UNINITIALIZED_AUTOS = YES_AGGRESSIVE;
				GCC_WARN_UNUSED_FUNCTION = YES;
				GCC_WARN_UNUSED_VARIABLE = YES;
				IPHONEOS_DEPLOYMENT_TARGET = 8.0;
				MTL_ENABLE_DEBUG_INFO = YES;
				ONLY_ACTIVE_ARCH = YES;
				SDKROOT = iphoneos;
				SWIFT_OPTIMIZATION_LEVEL = "-Onone";
			};
			name = Debug;
		};
		CE4734BF19CB9EB700A32888 /* Release */ = {
			isa = XCBuildConfiguration;
			buildSettings = {
				ALWAYS_SEARCH_USER_PATHS = NO;
				CLANG_CXX_LANGUAGE_STANDARD = "gnu++0x";
				CLANG_CXX_LIBRARY = "libc++";
				CLANG_ENABLE_MODULES = YES;
				CLANG_ENABLE_OBJC_ARC = YES;
				CLANG_WARN_BOOL_CONVERSION = YES;
				CLANG_WARN_CONSTANT_CONVERSION = YES;
				CLANG_WARN_DIRECT_OBJC_ISA_USAGE = YES_ERROR;
				CLANG_WARN_EMPTY_BODY = YES;
				CLANG_WARN_ENUM_CONVERSION = YES;
				CLANG_WARN_INT_CONVERSION = YES;
				CLANG_WARN_OBJC_ROOT_CLASS = YES_ERROR;
				CLANG_WARN_UNREACHABLE_CODE = YES;
				CLANG_WARN__DUPLICATE_METHOD_MATCH = YES;
				"CODE_SIGN_IDENTITY[sdk=iphoneos*]" = "iPhone Developer";
				COPY_PHASE_STRIP = YES;
				ENABLE_NS_ASSERTIONS = NO;
				ENABLE_STRICT_OBJC_MSGSEND = YES;
				GCC_C_LANGUAGE_STANDARD = gnu99;
				GCC_WARN_64_TO_32_BIT_CONVERSION = YES;
				GCC_WARN_ABOUT_RETURN_TYPE = YES_ERROR;
				GCC_WARN_UNDECLARED_SELECTOR = YES;
				GCC_WARN_UNINITIALIZED_AUTOS = YES_AGGRESSIVE;
				GCC_WARN_UNUSED_FUNCTION = YES;
				GCC_WARN_UNUSED_VARIABLE = YES;
				IPHONEOS_DEPLOYMENT_TARGET = 8.0;
				MTL_ENABLE_DEBUG_INFO = NO;
				SDKROOT = iphoneos;
				VALIDATE_PRODUCT = YES;
			};
			name = Release;
		};
		CE4734C119CB9EB700A32888 /* Debug */ = {
			isa = XCBuildConfiguration;
			buildSettings = {
				ASSETCATALOG_COMPILER_APPICON_NAME = AppIcon;
				INFOPLIST_FILE = Postcard/Info.plist;
				LD_RUNPATH_SEARCH_PATHS = "$(inherited) @executable_path/Frameworks";
				PRODUCT_NAME = "$(TARGET_NAME)";
			};
			name = Debug;
		};
		CE4734C219CB9EB700A32888 /* Release */ = {
			isa = XCBuildConfiguration;
			buildSettings = {
				ASSETCATALOG_COMPILER_APPICON_NAME = AppIcon;
				INFOPLIST_FILE = Postcard/Info.plist;
				LD_RUNPATH_SEARCH_PATHS = "$(inherited) @executable_path/Frameworks";
				PRODUCT_NAME = "$(TARGET_NAME)";
			};
			name = Release;
		};
		CE4734C419CB9EB700A32888 /* Debug */ = {
			isa = XCBuildConfiguration;
			buildSettings = {
				BUNDLE_LOADER = "$(TEST_HOST)";
				FRAMEWORK_SEARCH_PATHS = (
					"$(SDKROOT)/Developer/Library/Frameworks",
					"$(inherited)",
				);
				GCC_PREPROCESSOR_DEFINITIONS = (
					"DEBUG=1",
					"$(inherited)",
				);
				INFOPLIST_FILE = PostcardTests/Info.plist;
				LD_RUNPATH_SEARCH_PATHS = "$(inherited) @executable_path/Frameworks @loader_path/Frameworks";
				PRODUCT_NAME = "$(TARGET_NAME)";
				TEST_HOST = "$(BUILT_PRODUCTS_DIR)/Postcard.app/Postcard";
			};
			name = Debug;
		};
		CE4734C519CB9EB700A32888 /* Release */ = {
			isa = XCBuildConfiguration;
			buildSettings = {
				BUNDLE_LOADER = "$(TEST_HOST)";
				FRAMEWORK_SEARCH_PATHS = (
					"$(SDKROOT)/Developer/Library/Frameworks",
					"$(inherited)",
				);
				INFOPLIST_FILE = PostcardTests/Info.plist;
				LD_RUNPATH_SEARCH_PATHS = "$(inherited) @executable_path/Frameworks @loader_path/Frameworks";
				PRODUCT_NAME = "$(TARGET_NAME)";
				TEST_HOST = "$(BUILT_PRODUCTS_DIR)/Postcard.app/Postcard";
			};
			name = Release;
		};
/* End XCBuildConfiguration section */

/* Begin XCConfigurationList section */
		CE47349C19CB9EB600A32888 /* Build configuration list for PBXProject "Postcard" */ = {
			isa = XCConfigurationList;
			buildConfigurations = (
				CE4734BE19CB9EB700A32888 /* Debug */,
				CE4734BF19CB9EB700A32888 /* Release */,
			);
			defaultConfigurationIsVisible = 0;
			defaultConfigurationName = Release;
		};
		CE4734C019CB9EB700A32888 /* Build configuration list for PBXNativeTarget "Postcard" */ = {
			isa = XCConfigurationList;
			buildConfigurations = (
				CE4734C119CB9EB700A32888 /* Debug */,
				CE4734C219CB9EB700A32888 /* Release */,
			);
			defaultConfigurationIsVisible = 0;
		};
		CE4734C319CB9EB700A32888 /* Build configuration list for PBXNativeTarget "PostcardTests" */ = {
			isa = XCConfigurationList;
			buildConfigurations = (
				CE4734C419CB9EB700A32888 /* Debug */,
				CE4734C519CB9EB700A32888 /* Release */,
			);
			defaultConfigurationIsVisible = 0;
		};
/* End XCConfigurationList section */
	};
	rootObject = CE47349919CB9EB600A32888 /* Project object */;
}
